{
  "name": "miniprogram",
  "version": "1.0.0",
  "lockfileVersion": 1,
  "requires": true,
  "dependencies": {
    "xmlstring2json": {
      "version": "0.1.9",
      "resolved": "https://registry.npmjs.org/xmlstring2json/-/xmlstring2json-0.1.9.tgz",
      "integrity": "sha512-Mq491p9dF7hfporw1LdhkNHwpVlXEqoC0+U6vGU1cmIN56C/iMcEd9EKckEhpBQNuct8r6qHFf4hSob7oP1d9A=="
    }
  }
}
